
Microsoft Visual Studio Solution File, Format Version 12.00
# Visual Studio Version 16
VisualStudioVersion = 16.0.29009.5
MinimumVisualStudioVersion = 10.0.40219.1
Project("{FAE04EC0-301F-11D3-BF4B-00C04F79EFBC}") = "OData.Mongo", "OData.Mongo\OData.Mongo.csproj", "{F3B7FA68-913E-4DFD-9D4B-83A1D69BA235}"
EndProject
Global
	GlobalSection(SolutionConfigurationPlatforms) = preSolution
		Debug|Any CPU = Debug|Any CPU
		Release|Any CPU = Release|Any CPU
	EndGlobalSection
	GlobalSection(ProjectConfigurationPlatforms) = postSolution
		{F3B7FA68-913E-4DFD-9D4B-83A1D69BA235}.Debug|Any CPU.ActiveCfg = Debug|Any CPU
		{F3B7FA68-913E-4DFD-9D4B-83A1D69BA235}.Debug|Any CPU.Build.0 = Debug|Any CPU
		{F3B7FA68-913E-4DFD-9D4B-83A1D69BA235}.Release|Any CPU.ActiveCfg = Release|Any CPU
		{F3B7FA68-913E-4DFD-9D4B-83A1D69BA235}.Release|Any CPU.Build.0 = Release|Any CPU
	EndGlobalSection
	GlobalSection(SolutionProperties) = preSolution
		HideSolutionNode = FALSE
	EndGlobalSection
	GlobalSection(ExtensibilityGlobals) = postSolution
		SolutionGuid = {C762094D-050B-49EA-BADE-6A37A8263D3D}
	EndGlobalSection
EndGlobal
